// !$*UTF8*$!
{
	archiveVersion = 1;
	classes = {
	};
	objectVersion = 48;
	objects = {

/* Begin PBXBuildFile section */
		C613BC411F9E2B7C00BB24EA /* ProcessoCollectionViewCell.swift in Sources */ = {isa = PBXBuildFile; fileRef = C613BC401F9E2B7C00BB24EA /* ProcessoCollectionViewCell.swift */; };
		C6756F241F9C051B000E5D2F /* AppDelegate.swift in Sources */ = {isa = PBXBuildFile; fileRef = C6756F231F9C051B000E5D2F /* AppDelegate.swift */; };
		C6756F261F9C051B000E5D2F /* ViewController.swift in Sources */ = {isa = PBXBuildFile; fileRef = C6756F251F9C051B000E5D2F /* ViewController.swift */; };
		C6756F291F9C051B000E5D2F /* Main.storyboard in Resources */ = {isa = PBXBuildFile; fileRef = C6756F271F9C051B000E5D2F /* Main.storyboard */; };
		C6756F2B1F9C051B000E5D2F /* Assets.xcassets in Resources */ = {isa = PBXBuildFile; fileRef = C6756F2A1F9C051B000E5D2F /* Assets.xcassets */; };
		C6756F2E1F9C051B000E5D2F /* LaunchScreen.storyboard in Resources */ = {isa = PBXBuildFile; fileRef = C6756F2C1F9C051B000E5D2F /* LaunchScreen.storyboard */; };
		C6756F361F9D904C000E5D2F /* CardView.swift in Sources */ = {isa = PBXBuildFile; fileRef = C6756F351F9D904C000E5D2F /* CardView.swift */; };
		C6D216821F9FB5D0002F0ABE /* Processo.swift in Sources */ = {isa = PBXBuildFile; fileRef = C6D216811F9FB5D0002F0ABE /* Processo.swift */; };
		C6D216841F9FB632002F0ABE /* ProcessoView.swift in Sources */ = {isa = PBXBuildFile; fileRef = C6D216831F9FB632002F0ABE /* ProcessoView.swift */; };
		C6E7B5A51F9FE3E400A1624C /* ListaTableViewCell.swift in Sources */ = {isa = PBXBuildFile; fileRef = C6E7B5A41F9FE3E400A1624C /* ListaTableViewCell.swift */; };
/* End PBXBuildFile section */

/* Begin PBXFileReference section */
		C613BC401F9E2B7C00BB24EA /* ProcessoCollectionViewCell.swift */ = {isa = PBXFileReference; lastKnownFileType = sourcecode.swift; path = ProcessoCollectionViewCell.swift; sourceTree = "<group>"; };
		C6756F201F9C051B000E5D2F /* EscalonamentoDeProcessos.app */ = {isa = PBXFileReference; explicitFileType = wrapper.application; includeInIndex = 0; path = EscalonamentoDeProcessos.app; sourceTree = BUILT_PRODUCTS_DIR; };
		C6756F231F9C051B000E5D2F /* AppDelegate.swift */ = {isa = PBXFileReference; lastKnownFileType = sourcecode.swift; path = AppDelegate.swift; sourceTree = "<group>"; };
		C6756F251F9C051B000E5D2F /* ViewController.swift */ = {isa = PBXFileReference; lastKnownFileType = sourcecode.swift; path = ViewController.swift; sourceTree = "<group>"; };
		C6756F281F9C051B000E5D2F /* Base */ = {isa = PBXFileReference; lastKnownFileType = file.storyboard; name = Base; path = Base.lproj/Main.storyboard; sourceTree = "<group>"; };
		C6756F2A1F9C051B000E5D2F /* Assets.xcassets */ = {isa = PBXFileReference; lastKnownFileType = folder.assetcatalog; path = Assets.xcassets; sourceTree = "<group>"; };
		C6756F2D1F9C051B000E5D2F /* Base */ = {isa = PBXFileReference; lastKnownFileType = file.storyboard; name = Base; path = Base.lproj/LaunchScreen.storyboard; sourceTree = "<group>"; };
		C6756F2F1F9C051B000E5D2F /* Info.plist */ = {isa = PBXFileReference; lastKnownFileType = text.plist.xml; path = Info.plist; sourceTree = "<group>"; };
		C6756F351F9D904C000E5D2F /* CardView.swift */ = {isa = PBXFileReference; lastKnownFileType = sourcecode.swift; path = CardView.swift; sourceTree = "<group>"; };
		C6D216811F9FB5D0002F0ABE /* Processo.swift */ = {isa = PBXFileReference; lastKnownFileType = sourcecode.swift; path = Processo.swift; sourceTree = "<group>"; };
		C6D216831F9FB632002F0ABE /* ProcessoView.swift */ = {isa = PBXFileReference; lastKnownFileType = sourcecode.swift; path = ProcessoView.swift; sourceTree = "<group>"; };
		C6E7B5A41F9FE3E400A1624C /* ListaTableViewCell.swift */ = {isa = PBXFileReference; lastKnownFileType = sourcecode.swift; path = ListaTableViewCell.swift; sourceTree = "<group>"; };
/* End PBXFileReference section */

/* Begin PBXFrameworksBuildPhase section */
		C6756F1D1F9C051B000E5D2F /* Frameworks */ = {
			isa = PBXFrameworksBuildPhase;
			buildActionMask = 2147483647;
			files = (
			);
			runOnlyForDeploymentPostprocessing = 0;
		};
/* End PBXFrameworksBuildPhase section */

/* Begin PBXGroup section */
		C6756F171F9C051B000E5D2F = {
			isa = PBXGroup;
			children = (
				C6756F221F9C051B000E5D2F /* EscalonamentoDeProcessos */,
				C6756F211F9C051B000E5D2F /* Products */,
			);
			sourceTree = "<group>";
		};
		C6756F211F9C051B000E5D2F /* Products */ = {
			isa = PBXGroup;
			children = (
				C6756F201F9C051B000E5D2F /* EscalonamentoDeProcessos.app */,
			);
			name = Products;
			sourceTree = "<group>";
		};
		C6756F221F9C051B000E5D2F /* EscalonamentoDeProcessos */ = {
			isa = PBXGroup;
			children = (
				C6756F231F9C051B000E5D2F /* AppDelegate.swift */,
				C6756F251F9C051B000E5D2F /* ViewController.swift */,
				C613BC401F9E2B7C00BB24EA /* ProcessoCollectionViewCell.swift */,
				C6756F271F9C051B000E5D2F /* Main.storyboard */,
				C6E7B5A41F9FE3E400A1624C /* ListaTableViewCell.swift */,
				C6D216811F9FB5D0002F0ABE /* Processo.swift */,
				C6D216831F9FB632002F0ABE /* ProcessoView.swift */,
				C6756F351F9D904C000E5D2F /* CardView.swift */,
				C6756F2A1F9C051B000E5D2F /* Assets.xcassets */,
				C6756F2C1F9C051B000E5D2F /* LaunchScreen.storyboard */,
				C6756F2F1F9C051B000E5D2F /* Info.plist */,
			);
			path = EscalonamentoDeProcessos;
			sourceTree = "<group>";
		};
/* End PBXGroup section */

/* Begin PBXNativeTarget section */
		C6756F1F1F9C051B000E5D2F /* EscalonamentoDeProcessos */ = {
			isa = PBXNativeTarget;
			buildConfigurationList = C6756F321F9C051B000E5D2F /* Build configuration list for PBXNativeTarget "EscalonamentoDeProcessos" */;
			buildPhases = (
				C6756F1C1F9C051B000E5D2F /* Sources */,
				C6756F1D1F9C051B000E5D2F /* Frameworks */,
				C6756F1E1F9C051B000E5D2F /* Resources */,
			);
			buildRules = (
			);
			dependencies = (
			);
			name = EscalonamentoDeProcessos;
			productName = EscalonamentoDeProcessos;
			productReference = C6756F201F9C051B000E5D2F /* EscalonamentoDeProcessos.app */;
			productType = "com.apple.product-type.application";
		};
/* End PBXNativeTarget section */

/* Begin PBXProject section */
		C6756F181F9C051B000E5D2F /* Project object */ = {
			isa = PBXProject;
			attributes = {
				LastSwiftUpdateCheck = 0900;
				LastUpgradeCheck = 0900;
				ORGANIZATIONNAME = "Paulo Atavila";
				TargetAttributes = {
					C6756F1F1F9C051B000E5D2F = {
						CreatedOnToolsVersion = 9.0;
						ProvisioningStyle = Automatic;
					};
				};
			};
			buildConfigurationList = C6756F1B1F9C051B000E5D2F /* Build configuration list for PBXProject "EscalonamentoDeProcessos" */;
			compatibilityVersion = "Xcode 8.0";
			developmentRegion = en;
			hasScannedForEncodings = 0;
			knownRegions = (
				en,
				Base,
			);
			mainGroup = C6756F171F9C051B000E5D2F;
			productRefGroup = C6756F211F9C051B000E5D2F /* Products */;
			projectDirPath = "";
			projectRoot = "";
			targets = (
				C6756F1F1F9C051B000E5D2F /* EscalonamentoDeProcessos */,
			);
		};
/* End PBXProject section */

/* Begin PBXResourcesBuildPhase section */
		C6756F1E1F9C051B000E5D2F /* Resources */ = {
			isa = PBXResourcesBuildPhase;
			buildActionMask = 2147483647;
			files = (
				C6756F2E1F9C051B000E5D2F /* LaunchScreen.storyboard in Resources */,
				C6756F2B1F9C051B000E5D2F /* Assets.xcassets in Resources */,
				C6756F291F9C051B000E5D2F /* Main.storyboard in Resources */,
			);
			runOnlyForDeploymentPostprocessing = 0;
		};
/* End PBXResourcesBuildPhase section */

/* Begin PBXSourcesBuildPhase section */
		C6756F1C1F9C051B000E5D2F /* Sources */ = {
			isa = PBXSourcesBuildPhase;
			buildActionMask = 2147483647;
			files = (
				C6E7B5A51F9FE3E400A1624C /* ListaTableViewCell.swift in Sources */,
				C6D216841F9FB632002F0ABE /* ProcessoView.swift in Sources */,
				C613BC411F9E2B7C00BB24EA /* ProcessoCollectionViewCell.swift in Sources */,
				C6756F261F9C051B000E5D2F /* ViewController.swift in Sources */,
				C6D216821F9FB5D0002F0ABE /* Processo.swift in Sources */,
				C6756F361F9D904C000E5D2F /* CardView.swift in Sources */,
				C6756F241F9C051B000E5D2F /* AppDelegate.swift in Sources */,
			);
			runOnlyForDeploymentPostprocessing = 0;
		};
/* End PBXSourcesBuildPhase section */

/* Begin PBXVariantGroup section */
		C6756F271F9C051B000E5D2F /* Main.storyboard */ = {
			isa = PBXVariantGroup;
			children = (
				C6756F281F9C051B000E5D2F /* Base */,
			);
			name = Main.storyboard;
			sourceTree = "<group>";
		};
		C6756F2C1F9C051B000E5D2F /* LaunchScreen.storyboard */ = {
			isa = PBXVariantGroup;
			children = (
				C6756F2D1F9C051B000E5D2F /* Base */,
			);
			name = LaunchScreen.storyboard;
			sourceTree = "<group>";
		};
/* End PBXVariantGroup section */

/* Begin XCBuildConfiguration section */
		C6756F301F9C051B000E5D2F /* Debug */ = {
			isa = XCBuildConfiguration;
			buildSettings = {
				ALWAYS_SEARCH_USER_PATHS = NO;
				CLANG_ANALYZER_NONNULL = YES;
				CLANG_ANALYZER_NUMBER_OBJECT_CONVERSION = YES_AGGRESSIVE;
				CLANG_CXX_LANGUAGE_STANDARD = "gnu++14";
				CLANG_CXX_LIBRARY = "libc++";
				CLANG_ENABLE_MODULES = YES;
				CLANG_ENABLE_OBJC_ARC = YES;
				CLANG_WARN_BLOCK_CAPTURE_AUTORELEASING = YES;
				CLANG_WARN_BOOL_CONVERSION = YES;
				CLANG_WARN_COMMA = YES;
				CLANG_WARN_CONSTANT_CONVERSION = YES;
				CLANG_WARN_DIRECT_OBJC_ISA_USAGE = YES_ERROR;
				CLANG_WARN_DOCUMENTATION_COMMENTS = YES;
				CLANG_WARN_EMPTY_BODY = YES;
				CLANG_WARN_ENUM_CONVERSION = YES;
				CLANG_WARN_INFINITE_RECURSION = YES;
				CLANG_WARN_INT_CONVERSION = YES;
				CLANG_WARN_NON_LITERAL_NULL_CONVERSION = YES;
				CLANG_WARN_OBJC_LITERAL_CONVERSION = YES;
				CLANG_WARN_OBJC_ROOT_CLASS = YES_ERROR;
				CLANG_WARN_RANGE_LOOP_ANALYSIS = YES;
				CLANG_WARN_STRICT_PROTOTYPES = YES;
				CLANG_WARN_SUSPICIOUS_MOVE = YES;
				CLANG_WARN_UNGUARDED_AVAILABILITY = YES_AGGRESSIVE;
				CLANG_WARN_UNREACHABLE_CODE = YES;
				CLANG_WARN__DUPLICATE_METHOD_MATCH = YES;
				CODE_SIGN_IDENTITY = "iPhone Developer";
				COPY_PHASE_STRIP = NO;
				DEBUG_INFORMATION_FORMAT = dwarf;
				ENABLE_STRICT_OBJC_MSGSEND = YES;
				ENABLE_TESTABILITY = YES;
				GCC_C_LANGUAGE_STANDARD = gnu11;
				GCC_DYNAMIC_NO_PIC = NO;
				GCC_NO_COMMON_BLOCKS = YES;
				GCC_OPTIMIZATION_LEVEL = 0;
				GCC_PREPROCESSOR_DEFINITIONS = (
					"DEBUG=1",
					"$(inherited)",
				);
				GCC_WARN_64_TO_32_BIT_CONVERSION = YES;
				GCC_WARN_ABOUT_RETURN_TYPE = YES_ERROR;
				GCC_WARN_UNDECLARED_SELECTOR = YES;
				GCC_WARN_UNINITIALIZED_AUTOS = YES_AGGRESSIVE;
				GCC_WARN_UNUSED_FUNCTION = YES;
				GCC_WARN_UNUSED_VARIABLE = YES;
				IPHONEOS_DEPLOYMENT_TARGET = 11.0;
				MTL_ENABLE_DEBUG_INFO = YES;
				ONLY_ACTIVE_ARCH = YES;
				SDKROOT = iphoneos;
				SWIFT_ACTIVE_COMPILATION_CONDITIONS = DEBUG;
				SWIFT_OPTIMIZATION_LEVEL = "-Onone";
			};
			name = Debug;
		};
		C6756F311F9C051B000E5D2F /* Release */ = {
			isa = XCBuildConfiguration;
			buildSettings = {
				ALWAYS_SEARCH_USER_PATHS = NO;
				CLANG_ANALYZER_NONNULL = YES;
				CLANG_ANALYZER_NUMBER_OBJECT_CONVERSION = YES_AGGRESSIVE;
				CLANG_CXX_LANGUAGE_STANDARD = "gnu++14";
				CLANG_CXX_LIBRARY = "libc++";
				CLANG_ENABLE_MODULES = YES;
				CLANG_ENABLE_OBJC_ARC = YES;
				CLANG_WARN_BLOCK_CAPTURE_AUTORELEASING = YES;
				CLANG_WARN_BOOL_CONVERSION = YES;
				CLANG_WARN_COMMA = YES;
				CLANG_WARN_CONSTANT_CONVERSION = YES;
				CLANG_WARN_DIRECT_OBJC_ISA_USAGE = YES_ERROR;
				CLANG_WARN_DOCUMENTATION_COMMENTS = YES;
				CLANG_WARN_EMPTY_BODY = YES;
				CLANG_WARN_ENUM_CONVERSION = YES;
				CLANG_WARN_INFINITE_RECURSION = YES;
				CLANG_WARN_INT_CONVERSION = YES;
				CLANG_WARN_NON_LITERAL_NULL_CONVERSION = YES;
				CLANG_WARN_OBJC_LITERAL_CONVERSION = YES;
				CLANG_WARN_OBJC_ROOT_CLASS = YES_ERROR;
				CLANG_WARN_RANGE_LOOP_ANALYSIS = YES;
				CLANG_WARN_STRICT_PROTOTYPES = YES;
				CLANG_WARN_SUSPICIOUS_MOVE = YES;
				CLANG_WARN_UNGUARDED_AVAILABILITY = YES_AGGRESSIVE;
				CLANG_WARN_UNREACHABLE_CODE = YES;
				CLANG_WARN__DUPLICATE_METHOD_MATCH = YES;
				CODE_SIGN_IDENTITY = "iPhone Developer";
				COPY_PHASE_STRIP = NO;
				DEBUG_INFORMATION_FORMAT = "dwarf-with-dsym";
				ENABLE_NS_ASSERTIONS = NO;
				ENABLE_STRICT_OBJC_MSGSEND = YES;
				GCC_C_LANGUAGE_STANDARD = gnu11;
				GCC_NO_COMMON_BLOCKS = YES;
				GCC_WARN_64_TO_32_BIT_CONVERSION = YES;
				GCC_WARN_ABOUT_RETURN_TYPE = YES_ERROR;
				GCC_WARN_UNDECLARED_SELECTOR = YES;
				GCC_WARN_UNINITIALIZED_AUTOS = YES_AGGRESSIVE;
				GCC_WARN_UNUSED_FUNCTION = YES;
				GCC_WARN_UNUSED_VARIABLE = YES;
				IPHONEOS_DEPLOYMENT_TARGET = 11.0;
				MTL_ENABLE_DEBUG_INFO = NO;
				SDKROOT = iphoneos;
				SWIFT_OPTIMIZATION_LEVEL = "-Owholemodule";
				VALIDATE_PRODUCT = YES;
			};
			name = Release;
		};
		C6756F331F9C051B000E5D2F /* Debug */ = {
			isa = XCBuildConfiguration;
			buildSettings = {
				ASSETCATALOG_COMPILER_APPICON_NAME = AppIcon;
				CODE_SIGN_STYLE = Automatic;
				DEVELOPMENT_TEAM = N6296265YS;
				INFOPLIST_FILE = EscalonamentoDeProcessos/Info.plist;
				IPHONEOS_DEPLOYMENT_TARGET = 9.3;
				LD_RUNPATH_SEARCH_PATHS = "$(inherited) @executable_path/Frameworks";
				PRODUCT_BUNDLE_IDENTIFIER = com.pauloatavila.EscalonamentoDeProcessos;
				PRODUCT_NAME = "$(TARGET_NAME)";
				SWIFT_VERSION = 4.0;
				TARGETED_DEVICE_FAMILY = "1,2";
			};
			name = Debug;
		};
		C6756F341F9C051B000E5D2F /* Release */ = {
			isa = XCBuildConfiguration;
			buildSettings = {
				ASSETCATALOG_COMPILER_APPICON_NAME = AppIcon;
				CODE_SIGN_STYLE = Automatic;
				DEVELOPMENT_TEAM = N6296265YS;
				INFOPLIST_FILE = EscalonamentoDeProcessos/Info.plist;
				IPHONEOS_DEPLOYMENT_TARGET = 9.3;
				LD_RUNPATH_SEARCH_PATHS = "$(inherited) @executable_path/Frameworks";
				PRODUCT_BUNDLE_IDENTIFIER = com.pauloatavila.EscalonamentoDeProcessos;
				PRODUCT_NAME = "$(TARGET_NAME)";
				SWIFT_VERSION = 4.0;
				TARGETED_DEVICE_FAMILY = "1,2";
			};
			name = Release;
		};
/* End XCBuildConfiguration section */

/* Begin XCConfigurationList section */
		C6756F1B1F9C051B000E5D2F /* Build configuration list for PBXProject "EscalonamentoDeProcessos" */ = {
			isa = XCConfigurationList;
			buildConfigurations = (
				C6756F301F9C051B000E5D2F /* Debug */,
				C6756F311F9C051B000E5D2F /* Release */,
			);
			defaultConfigurationIsVisible = 0;
			defaultConfigurationName = Release;
		};
		C6756F321F9C051B000E5D2F /* Build configuration list for PBXNativeTarget "EscalonamentoDeProcessos" */ = {
			isa = XCConfigurationList;
			buildConfigurations = (
				C6756F331F9C051B000E5D2F /* Debug */,
				C6756F341F9C051B000E5D2F /* Release */,
			);
			defaultConfigurationIsVisible = 0;
			defaultConfigurationName = Release;
		};
/* End XCConfigurationList section */
	};
	rootObject = C6756F181F9C051B000E5D2F /* Project object */;
}
